// !$*UTF8*$!
{
	archiveVersion = 1;
	classes = {
	};
	objectVersion = 46;
	objects = {

/* Begin PBXBuildFile section */
		2647A4C11E9B9349000482F4 /* WZZSelectView.m in Sources */ = {isa = PBXBuildFile; fileRef = 2647A4C01E9B9349000482F4 /* WZZSelectView.m */; };
		265F590F1E8F492300B88CA6 /* main.m in Sources */ = {isa = PBXBuildFile; fileRef = 265F590E1E8F492300B88CA6 /* main.m */; };
		265F59121E8F492300B88CA6 /* AppDelegate.m in Sources */ = {isa = PBXBuildFile; fileRef = 265F59111E8F492300B88CA6 /* AppDelegate.m */; };
		265F59151E8F492300B88CA6 /* ViewController.m in Sources */ = {isa = PBXBuildFile; fileRef = 265F59141E8F492300B88CA6 /* ViewController.m */; };
		265F59181E8F492300B88CA6 /* Main.storyboard in Resources */ = {isa = PBXBuildFile; fileRef = 265F59161E8F492300B88CA6 /* Main.storyboard */; };
		265F591A1E8F492300B88CA6 /* Assets.xcassets in Resources */ = {isa = PBXBuildFile; fileRef = 265F59191E8F492300B88CA6 /* Assets.xcassets */; };
		265F59281E8F492400B88CA6 /* WZZDeveloperCalculatorTests.m in Sources */ = {isa = PBXBuildFile; fileRef = 265F59271E8F492400B88CA6 /* WZZDeveloperCalculatorTests.m */; };
		265F59331E8F492400B88CA6 /* WZZDeveloperCalculatorUITests.m in Sources */ = {isa = PBXBuildFile; fileRef = 265F59321E8F492400B88CA6 /* WZZDeveloperCalculatorUITests.m */; };
		265F59431E8F4B2C00B88CA6 /* WZZLiveCollectionCell.m in Sources */ = {isa = PBXBuildFile; fileRef = 265F59411E8F4B2C00B88CA6 /* WZZLiveCollectionCell.m */; };
		265F59441E8F4B2C00B88CA6 /* WZZLiveCollectionCell.xib in Resources */ = {isa = PBXBuildFile; fileRef = 265F59421E8F4B2C00B88CA6 /* WZZLiveCollectionCell.xib */; };
		265F59471E8F4C6000B88CA6 /* WZZCalModel.m in Sources */ = {isa = PBXBuildFile; fileRef = 265F59461E8F4C6000B88CA6 /* WZZCalModel.m */; };
		26875FCB1EA5F17E00D3A85B /* JSViewController.m in Sources */ = {isa = PBXBuildFile; fileRef = 26875FC91EA5F17E00D3A85B /* JSViewController.m */; };
		26875FCC1EA5F17E00D3A85B /* JSViewController.xib in Resources */ = {isa = PBXBuildFile; fileRef = 26875FCA1EA5F17E00D3A85B /* JSViewController.xib */; };
		26875FD31EA6186F00D3A85B /* WZZSingleManager.m in Sources */ = {isa = PBXBuildFile; fileRef = 26875FD21EA6186F00D3A85B /* WZZSingleManager.m */; };
		26875FE51EA62F6D00D3A85B /* WZZLoadJSVC.m in Sources */ = {isa = PBXBuildFile; fileRef = 26875FE31EA62F6D00D3A85B /* WZZLoadJSVC.m */; };
		26875FE61EA62F6D00D3A85B /* WZZLoadJSVC.xib in Resources */ = {isa = PBXBuildFile; fileRef = 26875FE41EA62F6D00D3A85B /* WZZLoadJSVC.xib */; };
		716F26E61EF6A5FA0085C839 /* WZZWebVC.m in Sources */ = {isa = PBXBuildFile; fileRef = 716F26E21EF6A5FA0085C839 /* WZZWebVC.m */; };
		716F26E71EF6A5FA0085C839 /* WZZWebVC.xib in Resources */ = {isa = PBXBuildFile; fileRef = 716F26E31EF6A5FA0085C839 /* WZZWebVC.xib */; };
		716F26EB1EF6ACBF0085C839 /* NSString+WZZURLText.m in Sources */ = {isa = PBXBuildFile; fileRef = 716F26EA1EF6ACBF0085C839 /* NSString+WZZURLText.m */; };
		71B650F91FBB5239002B9582 /* WZZHttpHandler.m in Sources */ = {isa = PBXBuildFile; fileRef = 71B650F81FBB5239002B9582 /* WZZHttpHandler.m */; };
		71B651051FBB58AB002B9582 /* SVRadialGradientLayer.m in Sources */ = {isa = PBXBuildFile; fileRef = 71B650FB1FBB549E002B9582 /* SVRadialGradientLayer.m */; };
		71B651061FBB58AB002B9582 /* SVProgressAnimatedView.m in Sources */ = {isa = PBXBuildFile; fileRef = 71B650FE1FBB549E002B9582 /* SVProgressAnimatedView.m */; };
		71B651071FBB58AB002B9582 /* SVProgressHUD.m in Sources */ = {isa = PBXBuildFile; fileRef = 71B651011FBB549E002B9582 /* SVProgressHUD.m */; };
		71B651081FBB58AB002B9582 /* SVIndefiniteAnimatedView.m in Sources */ = {isa = PBXBuildFile; fileRef = 71B651021FBB549E002B9582 /* SVIndefiniteAnimatedView.m */; };
		71B651091FBB58AB002B9582 /* WZZHttpTool.m in Sources */ = {isa = PBXBuildFile; fileRef = 71B650F61FBB5225002B9582 /* WZZHttpTool.m */; };
		71B6510A1FBB58AB002B9582 /* WZZOCH5Manager.m in Sources */ = {isa = PBXBuildFile; fileRef = 71B650C71FBB4F5B002B9582 /* WZZOCH5Manager.m */; };
		71B6510B1FBB58AB002B9582 /* WZZOCH5VC.m in Sources */ = {isa = PBXBuildFile; fileRef = 71B650CA1FBB4F5B002B9582 /* WZZOCH5VC.m */; };
		71B6510C1FBB58AB002B9582 /* SSZipArchive.m in Sources */ = {isa = PBXBuildFile; fileRef = 71B650F31FBB4F5B002B9582 /* SSZipArchive.m */; };
		71B651141FBB5A2A002B9582 /* libz.tbd in Frameworks */ = {isa = PBXBuildFile; fileRef = 71B651101FBB5949002B9582 /* libz.tbd */; };
		71B651161FBB5B1E002B9582 /* SVProgressHUD.bundle in Resources */ = {isa = PBXBuildFile; fileRef = 71B651031FBB549E002B9582 /* SVProgressHUD.bundle */; };
		71B651171FBB5C4D002B9582 /* crypt.c in Sources */ = {isa = PBXBuildFile; fileRef = 71B650CE1FBB4F5B002B9582 /* crypt.c */; };
		71B651181FBB5C4D002B9582 /* unzip.c in Sources */ = {isa = PBXBuildFile; fileRef = 71B650CF1FBB4F5B002B9582 /* unzip.c */; };
		71B651191FBB5C4D002B9582 /* zip.c in Sources */ = {isa = PBXBuildFile; fileRef = 71B650D01FBB4F5B002B9582 /* zip.c */; };
		71B6511A1FBB5C4D002B9582 /* ioapi.c in Sources */ = {isa = PBXBuildFile; fileRef = 71B650D21FBB4F5B002B9582 /* ioapi.c */; };
		71B6511B1FBB5C4D002B9582 /* ioapi_buf.c in Sources */ = {isa = PBXBuildFile; fileRef = 71B650D41FBB4F5B002B9582 /* ioapi_buf.c */; };
		71B6511C1FBB5C4D002B9582 /* ioapi_mem.c in Sources */ = {isa = PBXBuildFile; fileRef = 71B650D81FBB4F5B002B9582 /* ioapi_mem.c */; };
		71B6511D1FBB5C4D002B9582 /* minishared.c in Sources */ = {isa = PBXBuildFile; fileRef = 71B650D91FBB4F5B002B9582 /* minishared.c */; };
		71B6511E1FBB5C4D002B9582 /* aeskey.c in Sources */ = {isa = PBXBuildFile; fileRef = 71B650DF1FBB4F5B002B9582 /* aeskey.c */; };
		71B6511F1FBB5C4D002B9582 /* hmac.c in Sources */ = {isa = PBXBuildFile; fileRef = 71B650E01FBB4F5B002B9582 /* hmac.c */; };
		71B651201FBB5C4D002B9582 /* aescrypt.c in Sources */ = {isa = PBXBuildFile; fileRef = 71B650E31FBB4F5B002B9582 /* aescrypt.c */; };
		71B651211FBB5C4D002B9582 /* fileenc.c in Sources */ = {isa = PBXBuildFile; fileRef = 71B650E41FBB4F5B002B9582 /* fileenc.c */; };
		71B651221FBB5C4D002B9582 /* sha1.c in Sources */ = {isa = PBXBuildFile; fileRef = 71B650E61FBB4F5B002B9582 /* sha1.c */; };
		71B651231FBB5C4D002B9582 /* aes_ni.c in Sources */ = {isa = PBXBuildFile; fileRef = 71B650E91FBB4F5B002B9582 /* aes_ni.c */; };
		71B651241FBB5C4D002B9582 /* prng.c in Sources */ = {isa = PBXBuildFile; fileRef = 71B650EB1FBB4F5B002B9582 /* prng.c */; };
		71B651251FBB5C4D002B9582 /* pwd2key.c in Sources */ = {isa = PBXBuildFile; fileRef = 71B650ED1FBB4F5B002B9582 /* pwd2key.c */; };
		71B651261FBB5C4D002B9582 /* aestab.c in Sources */ = {isa = PBXBuildFile; fileRef = 71B650EE1FBB4F5B002B9582 /* aestab.c */; };
		71CE78221F7E9556004DA8D0 /* WZZOtherVC.m in Sources */ = {isa = PBXBuildFile; fileRef = 71CE78201F7E9556004DA8D0 /* WZZOtherVC.m */; };
		71CE78231F7E9556004DA8D0 /* WZZOtherVC.xib in Resources */ = {isa = PBXBuildFile; fileRef = 71CE78211F7E9556004DA8D0 /* WZZOtherVC.xib */; };
		C5A068391FAC557000C0136A /* WZZTimeHandler.m in Sources */ = {isa = PBXBuildFile; fileRef = C5A068371FAC554C00C0136A /* WZZTimeHandler.m */; };
		C5A97C9A1FA3077E003DE86B /* WZZTimeVC.m in Sources */ = {isa = PBXBuildFile; fileRef = C5A97C981FA3077E003DE86B /* WZZTimeVC.m */; };
		C5A97C9B1FA3077E003DE86B /* WZZTimeVC.xib in Resources */ = {isa = PBXBuildFile; fileRef = C5A97C991FA3077E003DE86B /* WZZTimeVC.xib */; };
/* End PBXBuildFile section */

/* Begin PBXContainerItemProxy section */
		265F59241E8F492400B88CA6 /* PBXContainerItemProxy */ = {
			isa = PBXContainerItemProxy;
			containerPortal = 265F59021E8F492300B88CA6 /* Project object */;
			proxyType = 1;
			remoteGlobalIDString = 265F59091E8F492300B88CA6;
			remoteInfo = WZZDeveloperCalculator;
		};
		265F592F1E8F492400B88CA6 /* PBXContainerItemProxy */ = {
			isa = PBXContainerItemProxy;
			containerPortal = 265F59021E8F492300B88CA6 /* Project object */;
			proxyType = 1;
			remoteGlobalIDString = 265F59091E8F492300B88CA6;
			remoteInfo = WZZDeveloperCalculator;
		};
/* End PBXContainerItemProxy section */

/* Begin PBXFileReference section */
		2647A4BF1E9B9349000482F4 /* WZZSelectView.h */ = {isa = PBXFileReference; fileEncoding = 4; lastKnownFileType = sourcecode.c.h; path = WZZSelectView.h; sourceTree = "<group>"; };
		2647A4C01E9B9349000482F4 /* WZZSelectView.m */ = {isa = PBXFileReference; fileEncoding = 4; lastKnownFileType = sourcecode.c.objc; path = WZZSelectView.m; sourceTree = "<group>"; };
		265F590A1E8F492300B88CA6 /* WZZDeveloperCalculator.app */ = {isa = PBXFileReference; explicitFileType = wrapper.application; includeInIndex = 0; path = WZZDeveloperCalculator.app; sourceTree = BUILT_PRODUCTS_DIR; };
		265F590E1E8F492300B88CA6 /* main.m */ = {isa = PBXFileReference; lastKnownFileType = sourcecode.c.objc; path = main.m; sourceTree = "<group>"; };
		265F59101E8F492300B88CA6 /* AppDelegate.h */ = {isa = PBXFileReference; lastKnownFileType = sourcecode.c.h; path = AppDelegate.h; sourceTree = "<group>"; };
		265F59111E8F492300B88CA6 /* AppDelegate.m */ = {isa = PBXFileReference; lastKnownFileType = sourcecode.c.objc; path = AppDelegate.m; sourceTree = "<group>"; };
		265F59131E8F492300B88CA6 /* ViewController.h */ = {isa = PBXFileReference; lastKnownFileType = sourcecode.c.h; path = ViewController.h; sourceTree = "<group>"; };
		265F59141E8F492300B88CA6 /* ViewController.m */ = {isa = PBXFileReference; lastKnownFileType = sourcecode.c.objc; path = ViewController.m; sourceTree = "<group>"; };
		265F59171E8F492300B88CA6 /* Base */ = {isa = PBXFileReference; lastKnownFileType = file.storyboard; name = Base; path = Base.lproj/Main.storyboard; sourceTree = "<group>"; };
		265F59191E8F492300B88CA6 /* Assets.xcassets */ = {isa = PBXFileReference; lastKnownFileType = folder.assetcatalog; path = Assets.xcassets; sourceTree = "<group>"; };
		265F591E1E8F492300B88CA6 /* Info.plist */ = {isa = PBXFileReference; lastKnownFileType = text.plist.xml; path = Info.plist; sourceTree = "<group>"; };
		265F59231E8F492400B88CA6 /* WZZDeveloperCalculatorTests.xctest */ = {isa = PBXFileReference; explicitFileType = wrapper.cfbundle; includeInIndex = 0; path = WZZDeveloperCalculatorTests.xctest; sourceTree = BUILT_PRODUCTS_DIR; };
		265F59271E8F492400B88CA6 /* WZZDeveloperCalculatorTests.m */ = {isa = PBXFileReference; lastKnownFileType = sourcecode.c.objc; path = WZZDeveloperCalculatorTests.m; sourceTree = "<group>"; };
		265F59291E8F492400B88CA6 /* Info.plist */ = {isa = PBXFileReference; lastKnownFileType = text.plist.xml; path = Info.plist; sourceTree = "<group>"; };
		265F592E1E8F492400B88CA6 /* WZZDeveloperCalculatorUITests.xctest */ = {isa = PBXFileReference; explicitFileType = wrapper.cfbundle; includeInIndex = 0; path = WZZDeveloperCalculatorUITests.xctest; sourceTree = BUILT_PRODUCTS_DIR; };
		265F59321E8F492400B88CA6 /* WZZDeveloperCalculatorUITests.m */ = {isa = PBXFileReference; lastKnownFileType = sourcecode.c.objc; path = WZZDeveloperCalculatorUITests.m; sourceTree = "<group>"; };
		265F59341E8F492400B88CA6 /* Info.plist */ = {isa = PBXFileReference; lastKnownFileType = text.plist.xml; path = Info.plist; sourceTree = "<group>"; };
		265F59401E8F4B2C00B88CA6 /* WZZLiveCollectionCell.h */ = {isa = PBXFileReference; fileEncoding = 4; lastKnownFileType = sourcecode.c.h; path = WZZLiveCollectionCell.h; sourceTree = "<group>"; };
		265F59411E8F4B2C00B88CA6 /* WZZLiveCollectionCell.m */ = {isa = PBXFileReference; fileEncoding = 4; lastKnownFileType = sourcecode.c.objc; path = WZZLiveCollectionCell.m; sourceTree = "<group>"; };
		265F59421E8F4B2C00B88CA6 /* WZZLiveCollectionCell.xib */ = {isa = PBXFileReference; fileEncoding = 4; lastKnownFileType = file.xib; path = WZZLiveCollectionCell.xib; sourceTree = "<group>"; };
		265F59451E8F4C6000B88CA6 /* WZZCalModel.h */ = {isa = PBXFileReference; fileEncoding = 4; lastKnownFileType = sourcecode.c.h; path = WZZCalModel.h; sourceTree = "<group>"; };
		265F59461E8F4C6000B88CA6 /* WZZCalModel.m */ = {isa = PBXFileReference; fileEncoding = 4; lastKnownFileType = sourcecode.c.objc; path = WZZCalModel.m; sourceTree = "<group>"; };
		26875FC81EA5F17E00D3A85B /* JSViewController.h */ = {isa = PBXFileReference; fileEncoding = 4; lastKnownFileType = sourcecode.c.h; path = JSViewController.h; sourceTree = "<group>"; };
		26875FC91EA5F17E00D3A85B /* JSViewController.m */ = {isa = PBXFileReference; fileEncoding = 4; lastKnownFileType = sourcecode.c.objc; path = JSViewController.m; sourceTree = "<group>"; };
		26875FCA1EA5F17E00D3A85B /* JSViewController.xib */ = {isa = PBXFileReference; fileEncoding = 4; lastKnownFileType = file.xib; path = JSViewController.xib; sourceTree = "<group>"; };
		26875FD11EA6186F00D3A85B /* WZZSingleManager.h */ = {isa = PBXFileReference; fileEncoding = 4; lastKnownFileType = sourcecode.c.h; path = WZZSingleManager.h; sourceTree = "<group>"; };
		26875FD21EA6186F00D3A85B /* WZZSingleManager.m */ = {isa = PBXFileReference; fileEncoding = 4; lastKnownFileType = sourcecode.c.objc; path = WZZSingleManager.m; sourceTree = "<group>"; };
		26875FE21EA62F6D00D3A85B /* WZZLoadJSVC.h */ = {isa = PBXFileReference; fileEncoding = 4; lastKnownFileType = sourcecode.c.h; path = WZZLoadJSVC.h; sourceTree = "<group>"; };
		26875FE31EA62F6D00D3A85B /* WZZLoadJSVC.m */ = {isa = PBXFileReference; fileEncoding = 4; lastKnownFileType = sourcecode.c.objc; path = WZZLoadJSVC.m; sourceTree = "<group>"; };
		26875FE41EA62F6D00D3A85B /* WZZLoadJSVC.xib */ = {isa = PBXFileReference; fileEncoding = 4; lastKnownFileType = file.xib; path = WZZLoadJSVC.xib; sourceTree = "<group>"; };
		716F26E11EF6A5FA0085C839 /* WZZWebVC.h */ = {isa = PBXFileReference; fileEncoding = 4; lastKnownFileType = sourcecode.c.h; path = WZZWebVC.h; sourceTree = "<group>"; };
		716F26E21EF6A5FA0085C839 /* WZZWebVC.m */ = {isa = PBXFileReference; fileEncoding = 4; lastKnownFileType = sourcecode.c.objc; path = WZZWebVC.m; sourceTree = "<group>"; };
		716F26E31EF6A5FA0085C839 /* WZZWebVC.xib */ = {isa = PBXFileReference; fileEncoding = 4; lastKnownFileType = file.xib; path = WZZWebVC.xib; sourceTree = "<group>"; };
		716F26E91EF6ACBF0085C839 /* NSString+WZZURLText.h */ = {isa = PBXFileReference; fileEncoding = 4; lastKnownFileType = sourcecode.c.h; path = "NSString+WZZURLText.h"; sourceTree = "<group>"; };
		716F26EA1EF6ACBF0085C839 /* NSString+WZZURLText.m */ = {isa = PBXFileReference; fileEncoding = 4; lastKnownFileType = sourcecode.c.objc; path = "NSString+WZZURLText.m"; sourceTree = "<group>"; };
		71B650C71FBB4F5B002B9582 /* WZZOCH5Manager.m */ = {isa = PBXFileReference; lastKnownFileType = sourcecode.c.objc; path = WZZOCH5Manager.m; sourceTree = "<group>"; };
		71B650C81FBB4F5B002B9582 /* WZZOCH5VC.h */ = {isa = PBXFileReference; lastKnownFileType = sourcecode.c.h; path = WZZOCH5VC.h; sourceTree = "<group>"; };
		71B650C91FBB4F5B002B9582 /* WZZOCH5Manager.h */ = {isa = PBXFileReference; lastKnownFileType = sourcecode.c.h; path = WZZOCH5Manager.h; sourceTree = "<group>"; };
		71B650CA1FBB4F5B002B9582 /* WZZOCH5VC.m */ = {isa = PBXFileReference; lastKnownFileType = sourcecode.c.objc; path = WZZOCH5VC.m; sourceTree = "<group>"; };
		71B650CC1FBB4F5B002B9582 /* ZipArchive.h */ = {isa = PBXFileReference; lastKnownFileType = sourcecode.c.h; path = ZipArchive.h; sourceTree = "<group>"; };
		71B650CE1FBB4F5B002B9582 /* crypt.c */ = {isa = PBXFileReference; lastKnownFileType = sourcecode.c.c; path = crypt.c; sourceTree = "<group>"; };
		71B650CF1FBB4F5B002B9582 /* unzip.c */ = {isa = PBXFileReference; lastKnownFileType = sourcecode.c.c; path = unzip.c; sourceTree = "<group>"; };
		71B650D01FBB4F5B002B9582 /* zip.c */ = {isa = PBXFileReference; lastKnownFileType = sourcecode.c.c; path = zip.c; sourceTree = "<group>"; };
		71B650D11FBB4F5B002B9582 /* minishared.h */ = {isa = PBXFileReference; lastKnownFileType = sourcecode.c.h; path = minishared.h; sourceTree = "<group>"; };
		71B650D21FBB4F5B002B9582 /* ioapi.c */ = {isa = PBXFileReference; lastKnownFileType = sourcecode.c.c; path = ioapi.c; sourceTree = "<group>"; };
		71B650D31FBB4F5B002B9582 /* ioapi_mem.h */ = {isa = PBXFileReference; lastKnownFileType = sourcecode.c.h; path = ioapi_mem.h; sourceTree = "<group>"; };
		71B650D41FBB4F5B002B9582 /* ioapi_buf.c */ = {isa = PBXFileReference; lastKnownFileType = sourcecode.c.c; path = ioapi_buf.c; sourceTree = "<group>"; };
		71B650D51FBB4F5B002B9582 /* crypt.h */ = {isa = PBXFileReference; lastKnownFileType = sourcecode.c.h; path = crypt.h; sourceTree = "<group>"; };
		71B650D61FBB4F5B002B9582 /* zip.h */ = {isa = PBXFileReference; lastKnownFileType = sourcecode.c.h; path = zip.h; sourceTree = "<group>"; };
		71B650D71FBB4F5B002B9582 /* unzip.h */ = {isa = PBXFileReference; lastKnownFileType = sourcecode.c.h; path = unzip.h; sourceTree = "<group>"; };
		71B650D81FBB4F5B002B9582 /* ioapi_mem.c */ = {isa = PBXFileReference; lastKnownFileType = sourcecode.c.c; path = ioapi_mem.c; sourceTree = "<group>"; };
		71B650D91FBB4F5B002B9582 /* minishared.c */ = {isa = PBXFileReference; lastKnownFileType = sourcecode.c.c; path = minishared.c; sourceTree = "<group>"; };
		71B650DA1FBB4F5B002B9582 /* ioapi.h */ = {isa = PBXFileReference; lastKnownFileType = sourcecode.c.h; path = ioapi.h; sourceTree = "<group>"; };
		71B650DB1FBB4F5B002B9582 /* ioapi_buf.h */ = {isa = PBXFileReference; lastKnownFileType = sourcecode.c.h; path = ioapi_buf.h; sourceTree = "<group>"; };
		71B650DD1FBB4F5B002B9582 /* prng.h */ = {isa = PBXFileReference; lastKnownFileType = sourcecode.c.h; path = prng.h; sourceTree = "<group>"; };
		71B650DE1FBB4F5B002B9582 /* aes_ni.h */ = {isa = PBXFileReference; lastKnownFileType = sourcecode.c.h; path = aes_ni.h; sourceTree = "<group>"; };
		71B650DF1FBB4F5B002B9582 /* aeskey.c */ = {isa = PBXFileReference; lastKnownFileType = sourcecode.c.c; path = aeskey.c; sourceTree = "<group>"; };
		71B650E01FBB4F5B002B9582 /* hmac.c */ = {isa = PBXFileReference; lastKnownFileType = sourcecode.c.c; path = hmac.c; sourceTree = "<group>"; };
		71B650E11FBB4F5B002B9582 /* aestab.h */ = {isa = PBXFileReference; lastKnownFileType = sourcecode.c.h; path = aestab.h; sourceTree = "<group>"; };
		71B650E21FBB4F5B002B9582 /* pwd2key.h */ = {isa = PBXFileReference; lastKnownFileType = sourcecode.c.h; path = pwd2key.h; sourceTree = "<group>"; };
		71B650E31FBB4F5B002B9582 /* aescrypt.c */ = {isa = PBXFileReference; lastKnownFileType = sourcecode.c.c; path = aescrypt.c; sourceTree = "<group>"; };
		71B650E41FBB4F5B002B9582 /* fileenc.c */ = {isa = PBXFileReference; lastKnownFileType = sourcecode.c.c; path = fileenc.c; sourceTree = "<group>"; };
		71B650E51FBB4F5B002B9582 /* aesopt.h */ = {isa = PBXFileReference; lastKnownFileType = sourcecode.c.h; path = aesopt.h; sourceTree = "<group>"; };
		71B650E61FBB4F5B002B9582 /* sha1.c */ = {isa = PBXFileReference; lastKnownFileType = sourcecode.c.c; path = sha1.c; sourceTree = "<group>"; };
		71B650E71FBB4F5B002B9582 /* brg_types.h */ = {isa = PBXFileReference; lastKnownFileType = sourcecode.c.h; path = brg_types.h; sourceTree = "<group>"; };
		71B650E81FBB4F5B002B9582 /* hmac.h */ = {isa = PBXFileReference; lastKnownFileType = sourcecode.c.h; path = hmac.h; sourceTree = "<group>"; };
		71B650E91FBB4F5B002B9582 /* aes_ni.c */ = {isa = PBXFileReference; lastKnownFileType = sourcecode.c.c; path = aes_ni.c; sourceTree = "<group>"; };
		71B650EA1FBB4F5B002B9582 /* brg_endian.h */ = {isa = PBXFileReference; lastKnownFileType = sourcecode.c.h; path = brg_endian.h; sourceTree = "<group>"; };
		71B650EB1FBB4F5B002B9582 /* prng.c */ = {isa = PBXFileReference; lastKnownFileType = sourcecode.c.c; path = prng.c; sourceTree = "<group>"; };
		71B650EC1FBB4F5B002B9582 /* aes.h */ = {isa = PBXFileReference; lastKnownFileType = sourcecode.c.h; path = aes.h; sourceTree = "<group>"; };
		71B650ED1FBB4F5B002B9582 /* pwd2key.c */ = {isa = PBXFileReference; lastKnownFileType = sourcecode.c.c; path = pwd2key.c; sourceTree = "<group>"; };
		71B650EE1FBB4F5B002B9582 /* aestab.c */ = {isa = PBXFileReference; lastKnownFileType = sourcecode.c.c; path = aestab.c; sourceTree = "<group>"; };
		71B650EF1FBB4F5B002B9582 /* sha1.h */ = {isa = PBXFileReference; lastKnownFileType = sourcecode.c.h; path = sha1.h; sourceTree = "<group>"; };
		71B650F01FBB4F5B002B9582 /* fileenc.h */ = {isa = PBXFileReference; lastKnownFileType = sourcecode.c.h; path = fileenc.h; sourceTree = "<group>"; };
		71B650F11FBB4F5B002B9582 /* SSZipArchive.h */ = {isa = PBXFileReference; lastKnownFileType = sourcecode.c.h; path = SSZipArchive.h; sourceTree = "<group>"; };
		71B650F21FBB4F5B002B9582 /* SSZipCommon.h */ = {isa = PBXFileReference; lastKnownFileType = sourcecode.c.h; path = SSZipCommon.h; sourceTree = "<group>"; };
		71B650F31FBB4F5B002B9582 /* SSZipArchive.m */ = {isa = PBXFileReference; lastKnownFileType = sourcecode.c.objc; path = SSZipArchive.m; sourceTree = "<group>"; };
		71B650F51FBB5225002B9582 /* WZZHttpTool.h */ = {isa = PBXFileReference; lastKnownFileType = sourcecode.c.h; path = WZZHttpTool.h; sourceTree = "<group>"; };
		71B650F61FBB5225002B9582 /* WZZHttpTool.m */ = {isa = PBXFileReference; lastKnownFileType = sourcecode.c.objc; path = WZZHttpTool.m; sourceTree = "<group>"; };
		71B650F71FBB5239002B9582 /* WZZHttpHandler.h */ = {isa = PBXFileReference; lastKnownFileType = sourcecode.c.h; path = WZZHttpHandler.h; sourceTree = "<group>"; };
		71B650F81FBB5239002B9582 /* WZZHttpHandler.m */ = {isa = PBXFileReference; lastKnownFileType = sourcecode.c.objc; path = WZZHttpHandler.m; sourceTree = "<group>"; };
		71B650FB1FBB549E002B9582 /* SVRadialGradientLayer.m */ = {isa = PBXFileReference; lastKnownFileType = sourcecode.c.objc; path = SVRadialGradientLayer.m; sourceTree = "<group>"; };
		71B650FC1FBB549E002B9582 /* SVIndefiniteAnimatedView.h */ = {isa = PBXFileReference; lastKnownFileType = sourcecode.c.h; path = SVIndefiniteAnimatedView.h; sourceTree = "<group>"; };
		71B650FD1FBB549E002B9582 /* SVProgressHUD.h */ = {isa = PBXFileReference; lastKnownFileType = sourcecode.c.h; path = SVProgressHUD.h; sourceTree = "<group>"; };
		71B650FE1FBB549E002B9582 /* SVProgressAnimatedView.m */ = {isa = PBXFileReference; lastKnownFileType = sourcecode.c.objc; path = SVProgressAnimatedView.m; sourceTree = "<group>"; };
		71B650FF1FBB549E002B9582 /* SVProgressHUD-Prefix.pch */ = {isa = PBXFileReference; lastKnownFileType = sourcecode.c.h; path = "SVProgressHUD-Prefix.pch"; sourceTree = "<group>"; };
		71B651001FBB549E002B9582 /* SVRadialGradientLayer.h */ = {isa = PBXFileReference; lastKnownFileType = sourcecode.c.h; path = SVRadialGradientLayer.h; sourceTree = "<group>"; };
		71B651011FBB549E002B9582 /* SVProgressHUD.m */ = {isa = PBXFileReference; lastKnownFileType = sourcecode.c.objc; path = SVProgressHUD.m; sourceTree = "<group>"; };
		71B651021FBB549E002B9582 /* SVIndefiniteAnimatedView.m */ = {isa = PBXFileReference; lastKnownFileType = sourcecode.c.objc; path = SVIndefiniteAnimatedView.m; sourceTree = "<group>"; };
		71B651031FBB549E002B9582 /* SVProgressHUD.bundle */ = {isa = PBXFileReference; lastKnownFileType = "wrapper.plug-in"; path = SVProgressHUD.bundle; sourceTree = "<group>"; };
		71B651041FBB549E002B9582 /* SVProgressAnimatedView.h */ = {isa = PBXFileReference; lastKnownFileType = sourcecode.c.h; path = SVProgressAnimatedView.h; sourceTree = "<group>"; };
		71B651101FBB5949002B9582 /* libz.tbd */ = {isa = PBXFileReference; lastKnownFileType = "sourcecode.text-based-dylib-definition"; name = libz.tbd; path = usr/lib/libz.tbd; sourceTree = SDKROOT; };
		71B651121FBB597B002B9582 /* libbz2.tbd */ = {isa = PBXFileReference; lastKnownFileType = "sourcecode.text-based-dylib-definition"; name = libbz2.tbd; path = usr/lib/libbz2.tbd; sourceTree = SDKROOT; };
		71CE781F1F7E9556004DA8D0 /* WZZOtherVC.h */ = {isa = PBXFileReference; fileEncoding = 4; lastKnownFileType = sourcecode.c.h; path = WZZOtherVC.h; sourceTree = "<group>"; };
		71CE78201F7E9556004DA8D0 /* WZZOtherVC.m */ = {isa = PBXFileReference; fileEncoding = 4; lastKnownFileType = sourcecode.c.objc; path = WZZOtherVC.m; sourceTree = "<group>"; };
		71CE78211F7E9556004DA8D0 /* WZZOtherVC.xib */ = {isa = PBXFileReference; fileEncoding = 4; lastKnownFileType = file.xib; path = WZZOtherVC.xib; sourceTree = "<group>"; };
		C53D6BE01F8DBC3C00693590 /* PrefixHeader.pch */ = {isa = PBXFileReference; lastKnownFileType = sourcecode.c.h; path = PrefixHeader.pch; sourceTree = "<group>"; };
		C5A068371FAC554C00C0136A /* WZZTimeHandler.m */ = {isa = PBXFileReference; lastKnownFileType = sourcecode.c.objc; path = WZZTimeHandler.m; sourceTree = "<group>"; };
		C5A068381FAC554C00C0136A /* WZZTimeHandler.h */ = {isa = PBXFileReference; lastKnownFileType = sourcecode.c.h; path = WZZTimeHandler.h; sourceTree = "<group>"; };
		C5A97C971FA3077E003DE86B /* WZZTimeVC.h */ = {isa = PBXFileReference; lastKnownFileType = sourcecode.c.h; path = WZZTimeVC.h; sourceTree = "<group>"; };
		C5A97C981FA3077E003DE86B /* WZZTimeVC.m */ = {isa = PBXFileReference; lastKnownFileType = sourcecode.c.objc; path = WZZTimeVC.m; sourceTree = "<group>"; };
		C5A97C991FA3077E003DE86B /* WZZTimeVC.xib */ = {isa = PBXFileReference; lastKnownFileType = file.xib; path = WZZTimeVC.xib; sourceTree = "<group>"; };
/* End PBXFileReference section */

/* Begin PBXFrameworksBuildPhase section */
		265F59071E8F492300B88CA6 /* Frameworks */ = {
			isa = PBXFrameworksBuildPhase;
			buildActionMask = 2147483647;
			files = (
				71B651141FBB5A2A002B9582 /* libz.tbd in Frameworks */,
			);
			runOnlyForDeploymentPostprocessing = 0;
		};
		265F59201E8F492400B88CA6 /* Frameworks */ = {
			isa = PBXFrameworksBuildPhase;
			buildActionMask = 2147483647;
			files = (
			);
			runOnlyForDeploymentPostprocessing = 0;
		};
		265F592B1E8F492400B88CA6 /* Frameworks */ = {
			isa = PBXFrameworksBuildPhase;
			buildActionMask = 2147483647;
			files = (
			);
			runOnlyForDeploymentPostprocessing = 0;
		};
/* End PBXFrameworksBuildPhase section */

/* Begin PBXGroup section */
		265F59011E8F492300B88CA6 = {
			isa = PBXGroup;
			children = (
				265F590C1E8F492300B88CA6 /* WZZDeveloperCalculator */,
				265F59261E8F492400B88CA6 /* WZZDeveloperCalculatorTests */,
				265F59311E8F492400B88CA6 /* WZZDeveloperCalculatorUITests */,
				265F590B1E8F492300B88CA6 /* Products */,
				71B6510F1FBB5949002B9582 /* Frameworks */,
			);
			sourceTree = "<group>";
		};
		265F590B1E8F492300B88CA6 /* Products */ = {
			isa = PBXGroup;
			children = (
				265F590A1E8F492300B88CA6 /* WZZDeveloperCalculator.app */,
				265F59231E8F492400B88CA6 /* WZZDeveloperCalculatorTests.xctest */,
				265F592E1E8F492400B88CA6 /* WZZDeveloperCalculatorUITests.xctest */,
			);
			name = Products;
			sourceTree = "<group>";
		};
		265F590C1E8F492300B88CA6 /* WZZDeveloperCalculator */ = {
			isa = PBXGroup;
			children = (
				C5A97C951FA30765003DE86B /* 时间戳 */,
				71CE781D1F7E9540004DA8D0 /* 其他 */,
				716F26DA1EF6A5A30085C839 /* 网页浏览器 */,
				26875FCF1EA6185E00D3A85B /* Tool */,
				26875FC61EA5F11600D3A85B /* JS功能 */,
				265F59101E8F492300B88CA6 /* AppDelegate.h */,
				265F59111E8F492300B88CA6 /* AppDelegate.m */,
				2647A4BF1E9B9349000482F4 /* WZZSelectView.h */,
				2647A4C01E9B9349000482F4 /* WZZSelectView.m */,
				265F59451E8F4C6000B88CA6 /* WZZCalModel.h */,
				265F59461E8F4C6000B88CA6 /* WZZCalModel.m */,
				265F59131E8F492300B88CA6 /* ViewController.h */,
				265F59141E8F492300B88CA6 /* ViewController.m */,
				265F59401E8F4B2C00B88CA6 /* WZZLiveCollectionCell.h */,
				265F59411E8F4B2C00B88CA6 /* WZZLiveCollectionCell.m */,
				265F59421E8F4B2C00B88CA6 /* WZZLiveCollectionCell.xib */,
				265F59161E8F492300B88CA6 /* Main.storyboard */,
				265F59191E8F492300B88CA6 /* Assets.xcassets */,
				265F591E1E8F492300B88CA6 /* Info.plist */,
				265F590D1E8F492300B88CA6 /* Supporting Files */,
			);
			path = WZZDeveloperCalculator;
			sourceTree = "<group>";
		};
		265F590D1E8F492300B88CA6 /* Supporting Files */ = {
			isa = PBXGroup;
			children = (
				265F590E1E8F492300B88CA6 /* main.m */,
				C53D6BE01F8DBC3C00693590 /* PrefixHeader.pch */,
			);
			name = "Supporting Files";
			sourceTree = "<group>";
		};
		265F59261E8F492400B88CA6 /* WZZDeveloperCalculatorTests */ = {
			isa = PBXGroup;
			children = (
				265F59271E8F492400B88CA6 /* WZZDeveloperCalculatorTests.m */,
				265F59291E8F492400B88CA6 /* Info.plist */,
			);
			path = WZZDeveloperCalculatorTests;
			sourceTree = "<group>";
		};
		265F59311E8F492400B88CA6 /* WZZDeveloperCalculatorUITests */ = {
			isa = PBXGroup;
			children = (
				265F59321E8F492400B88CA6 /* WZZDeveloperCalculatorUITests.m */,
				265F59341E8F492400B88CA6 /* Info.plist */,
			);
			path = WZZDeveloperCalculatorUITests;
			sourceTree = "<group>";
		};
		26875FC61EA5F11600D3A85B /* JS功能 */ = {
			isa = PBXGroup;
			children = (
				26875FE01EA62E0A00D3A85B /* 读取JS代码 */,
				26875FC71EA5F11600D3A85B /* ViewController */,
			);
			path = "JS功能";
			sourceTree = "<group>";
		};
		26875FC71EA5F11600D3A85B /* ViewController */ = {
			isa = PBXGroup;
			children = (
				26875FC81EA5F17E00D3A85B /* JSViewController.h */,
				26875FC91EA5F17E00D3A85B /* JSViewController.m */,
				26875FCA1EA5F17E00D3A85B /* JSViewController.xib */,
			);
			path = ViewController;
			sourceTree = "<group>";
		};
		26875FCF1EA6185E00D3A85B /* Tool */ = {
			isa = PBXGroup;
			children = (
				71B650FA1FBB549E002B9582 /* SVProgressHUD */,
				71B650F41FBB5225002B9582 /* WZZHttpTool */,
				71B650C61FBB4F5B002B9582 /* WZZOCH5 */,
				C5A068361FAC554C00C0136A /* 时间 */,
				716F26E81EF6ACB80085C839 /* 网址识别 */,
				26875FD01EA6185E00D3A85B /* 单例 */,
			);
			path = Tool;
			sourceTree = "<group>";
		};
		26875FD01EA6185E00D3A85B /* 单例 */ = {
			isa = PBXGroup;
			children = (
				26875FD11EA6186F00D3A85B /* WZZSingleManager.h */,
				26875FD21EA6186F00D3A85B /* WZZSingleManager.m */,
			);
			path = "单例";
			sourceTree = "<group>";
		};
		26875FE01EA62E0A00D3A85B /* 读取JS代码 */ = {
			isa = PBXGroup;
			children = (
				26875FE11EA62E0A00D3A85B /* ViewController */,
			);
			path = "读取JS代码";
			sourceTree = "<group>";
		};
		26875FE11EA62E0A00D3A85B /* ViewController */ = {
			isa = PBXGroup;
			children = (
				26875FE21EA62F6D00D3A85B /* WZZLoadJSVC.h */,
				26875FE31EA62F6D00D3A85B /* WZZLoadJSVC.m */,
				26875FE41EA62F6D00D3A85B /* WZZLoadJSVC.xib */,
			);
			path = ViewController;
			sourceTree = "<group>";
		};
		716F26DA1EF6A5A30085C839 /* 网页浏览器 */ = {
			isa = PBXGroup;
			children = (
				716F26E01EF6A5FA0085C839 /* Controller */,
			);
			path = "网页浏览器";
			sourceTree = "<group>";
		};
		716F26E01EF6A5FA0085C839 /* Controller */ = {
			isa = PBXGroup;
			children = (
				716F26E11EF6A5FA0085C839 /* WZZWebVC.h */,
				716F26E21EF6A5FA0085C839 /* WZZWebVC.m */,
				716F26E31EF6A5FA0085C839 /* WZZWebVC.xib */,
			);
			path = Controller;
			sourceTree = "<group>";
		};
		716F26E81EF6ACB80085C839 /* 网址识别 */ = {
			isa = PBXGroup;
			children = (
				716F26E91EF6ACBF0085C839 /* NSString+WZZURLText.h */,
				716F26EA1EF6ACBF0085C839 /* NSString+WZZURLText.m */,
			);
			path = "网址识别";
			sourceTree = "<group>";
		};
		71B650C61FBB4F5B002B9582 /* WZZOCH5 */ = {
			isa = PBXGroup;
			children = (
				71B650C91FBB4F5B002B9582 /* WZZOCH5Manager.h */,
				71B650C71FBB4F5B002B9582 /* WZZOCH5Manager.m */,
				71B650C81FBB4F5B002B9582 /* WZZOCH5VC.h */,
				71B650CA1FBB4F5B002B9582 /* WZZOCH5VC.m */,
				71B650CB1FBB4F5B002B9582 /* SSZipArchive */,
			);
			path = WZZOCH5;
			sourceTree = "<group>";
		};
		71B650CB1FBB4F5B002B9582 /* SSZipArchive */ = {
			isa = PBXGroup;
			children = (
				71B650CC1FBB4F5B002B9582 /* ZipArchive.h */,
				71B650CD1FBB4F5B002B9582 /* minizip */,
				71B650F11FBB4F5B002B9582 /* SSZipArchive.h */,
				71B650F21FBB4F5B002B9582 /* SSZipCommon.h */,
				71B650F31FBB4F5B002B9582 /* SSZipArchive.m */,
			);
			path = SSZipArchive;
			sourceTree = "<group>";
		};
		71B650CD1FBB4F5B002B9582 /* minizip */ = {
			isa = PBXGroup;
			children = (
				71B650CE1FBB4F5B002B9582 /* crypt.c */,
				71B650CF1FBB4F5B002B9582 /* unzip.c */,
				71B650D01FBB4F5B002B9582 /* zip.c */,
				71B650D11FBB4F5B002B9582 /* minishared.h */,
				71B650D21FBB4F5B002B9582 /* ioapi.c */,
				71B650D31FBB4F5B002B9582 /* ioapi_mem.h */,
				71B650D41FBB4F5B002B9582 /* ioapi_buf.c */,
				71B650D51FBB4F5B002B9582 /* crypt.h */,
				71B650D61FBB4F5B002B9582 /* zip.h */,
				71B650D71FBB4F5B002B9582 /* unzip.h */,
				71B650D81FBB4F5B002B9582 /* ioapi_mem.c */,
				71B650D91FBB4F5B002B9582 /* minishared.c */,
				71B650DA1FBB4F5B002B9582 /* ioapi.h */,
				71B650DB1FBB4F5B002B9582 /* ioapi_buf.h */,
				71B650DC1FBB4F5B002B9582 /* aes */,
			);
			path = minizip;
			sourceTree = "<group>";
		};
		71B650DC1FBB4F5B002B9582 /* aes */ = {
			isa = PBXGroup;
			children = (
				71B650DD1FBB4F5B002B9582 /* prng.h */,
				71B650DE1FBB4F5B002B9582 /* aes_ni.h */,
				71B650DF1FBB4F5B002B9582 /* aeskey.c */,
				71B650E01FBB4F5B002B9582 /* hmac.c */,
				71B650E11FBB4F5B002B9582 /* aestab.h */,
				71B650E21FBB4F5B002B9582 /* pwd2key.h */,
				71B650E31FBB4F5B002B9582 /* aescrypt.c */,
				71B650E41FBB4F5B002B9582 /* fileenc.c */,
				71B650E51FBB4F5B002B9582 /* aesopt.h */,
				71B650E61FBB4F5B002B9582 /* sha1.c */,
				71B650E71FBB4F5B002B9582 /* brg_types.h */,
				71B650E81FBB4F5B002B9582 /* hmac.h */,
				71B650E91FBB4F5B002B9582 /* aes_ni.c */,
				71B650EA1FBB4F5B002B9582 /* brg_endian.h */,
				71B650EB1FBB4F5B002B9582 /* prng.c */,
				71B650EC1FBB4F5B002B9582 /* aes.h */,
				71B650ED1FBB4F5B002B9582 /* pwd2key.c */,
				71B650EE1FBB4F5B002B9582 /* aestab.c */,
				71B650EF1FBB4F5B002B9582 /* sha1.h */,
				71B650F01FBB4F5B002B9582 /* fileenc.h */,
			);
			path = aes;
			sourceTree = "<group>";
		};
		71B650F41FBB5225002B9582 /* WZZHttpTool */ = {
			isa = PBXGroup;
			children = (
				71B650F51FBB5225002B9582 /* WZZHttpTool.h */,
				71B650F61FBB5225002B9582 /* WZZHttpTool.m */,
				71B650F71FBB5239002B9582 /* WZZHttpHandler.h */,
				71B650F81FBB5239002B9582 /* WZZHttpHandler.m */,
			);
			path = WZZHttpTool;
			sourceTree = "<group>";
		};
		71B650FA1FBB549E002B9582 /* SVProgressHUD */ = {
			isa = PBXGroup;
			children = (
				71B650FB1FBB549E002B9582 /* SVRadialGradientLayer.m */,
				71B650FC1FBB549E002B9582 /* SVIndefiniteAnimatedView.h */,
				71B650FD1FBB549E002B9582 /* SVProgressHUD.h */,
				71B650FE1FBB549E002B9582 /* SVProgressAnimatedView.m */,
				71B650FF1FBB549E002B9582 /* SVProgressHUD-Prefix.pch */,
				71B651001FBB549E002B9582 /* SVRadialGradientLayer.h */,
				71B651011FBB549E002B9582 /* SVProgressHUD.m */,
				71B651021FBB549E002B9582 /* SVIndefiniteAnimatedView.m */,
				71B651031FBB549E002B9582 /* SVProgressHUD.bundle */,
				71B651041FBB549E002B9582 /* SVProgressAnimatedView.h */,
			);
			path = SVProgressHUD;
			sourceTree = "<group>";
		};
		71B6510F1FBB5949002B9582 /* Frameworks */ = {
			isa = PBXGroup;
			children = (
				71B651121FBB597B002B9582 /* libbz2.tbd */,
				71B651101FBB5949002B9582 /* libz.tbd */,
			);
			name = Frameworks;
			sourceTree = "<group>";
		};
		71CE781D1F7E9540004DA8D0 /* 其他 */ = {
			isa = PBXGroup;
			children = (
				71CE781E1F7E9540004DA8D0 /* Controller */,
			);
			path = "其他";
			sourceTree = "<group>";
		};
		71CE781E1F7E9540004DA8D0 /* Controller */ = {
			isa = PBXGroup;
			children = (
				71CE781F1F7E9556004DA8D0 /* WZZOtherVC.h */,
				71CE78201F7E9556004DA8D0 /* WZZOtherVC.m */,
				71CE78211F7E9556004DA8D0 /* WZZOtherVC.xib */,
			);
			path = Controller;
			sourceTree = "<group>";
		};
		C5A068361FAC554C00C0136A /* 时间 */ = {
			isa = PBXGroup;
			children = (
				C5A068381FAC554C00C0136A /* WZZTimeHandler.h */,
				C5A068371FAC554C00C0136A /* WZZTimeHandler.m */,
			);
			path = "时间";
			sourceTree = "<group>";
		};
		C5A97C951FA30765003DE86B /* 时间戳 */ = {
			isa = PBXGroup;
			children = (
				C5A97C961FA30765003DE86B /* Controller */,
			);
			path = "时间戳";
			sourceTree = "<group>";
		};
		C5A97C961FA30765003DE86B /* Controller */ = {
			isa = PBXGroup;
			children = (
				C5A97C971FA3077E003DE86B /* WZZTimeVC.h */,
				C5A97C981FA3077E003DE86B /* WZZTimeVC.m */,
				C5A97C991FA3077E003DE86B /* WZZTimeVC.xib */,
			);
			path = Controller;
			sourceTree = "<group>";
		};
/* End PBXGroup section */

/* Begin PBXNativeTarget section */
		265F59091E8F492300B88CA6 /* WZZDeveloperCalculator */ = {
			isa = PBXNativeTarget;
			buildConfigurationList = 265F59371E8F492400B88CA6 /* Build configuration list for PBXNativeTarget "WZZDeveloperCalculator" */;
			buildPhases = (
				265F59061E8F492300B88CA6 /* Sources */,
				265F59071E8F492300B88CA6 /* Frameworks */,
				265F59081E8F492300B88CA6 /* Resources */,
			);
			buildRules = (
			);
			dependencies = (
			);
			name = WZZDeveloperCalculator;
			productName = WZZDeveloperCalculator;
			productReference = 265F590A1E8F492300B88CA6 /* WZZDeveloperCalculator.app */;
			productType = "com.apple.product-type.application";
		};
		265F59221E8F492400B88CA6 /* WZZDeveloperCalculatorTests */ = {
			isa = PBXNativeTarget;
			buildConfigurationList = 265F593A1E8F492400B88CA6 /* Build configuration list for PBXNativeTarget "WZZDeveloperCalculatorTests" */;
			buildPhases = (
				265F591F1E8F492400B88CA6 /* Sources */,
				265F59201E8F492400B88CA6 /* Frameworks */,
				265F59211E8F492400B88CA6 /* Resources */,
			);
			buildRules = (
			);
			dependencies = (
				265F59251E8F492400B88CA6 /* PBXTargetDependency */,
			);
			name = WZZDeveloperCalculatorTests;
			productName = WZZDeveloperCalculatorTests;
			productReference = 265F59231E8F492400B88CA6 /* WZZDeveloperCalculatorTests.xctest */;
			productType = "com.apple.product-type.bundle.unit-test";
		};
		265F592D1E8F492400B88CA6 /* WZZDeveloperCalculatorUITests */ = {
			isa = PBXNativeTarget;
			buildConfigurationList = 265F593D1E8F492400B88CA6 /* Build configuration list for PBXNativeTarget "WZZDeveloperCalculatorUITests" */;
			buildPhases = (
				265F592A1E8F492400B88CA6 /* Sources */,
				265F592B1E8F492400B88CA6 /* Frameworks */,
				265F592C1E8F492400B88CA6 /* Resources */,
			);
			buildRules = (
			);
			dependencies = (
				265F59301E8F492400B88CA6 /* PBXTargetDependency */,
			);
			name = WZZDeveloperCalculatorUITests;
			productName = WZZDeveloperCalculatorUITests;
			productReference = 265F592E1E8F492400B88CA6 /* WZZDeveloperCalculatorUITests.xctest */;
			productType = "com.apple.product-type.bundle.ui-testing";
		};
/* End PBXNativeTarget section */

/* Begin PBXProject section */
		265F59021E8F492300B88CA6 /* Project object */ = {
			isa = PBXProject;
			attributes = {
				LastUpgradeCheck = 0820;
				ORGANIZATIONNAME = wzz;
				TargetAttributes = {
					265F59091E8F492300B88CA6 = {
						CreatedOnToolsVersion = 8.2.1;
						DevelopmentTeam = L3EKEXQ8PC;
						ProvisioningStyle = Automatic;
					};
					265F59221E8F492400B88CA6 = {
						CreatedOnToolsVersion = 8.2.1;
						ProvisioningStyle = Automatic;
						TestTargetID = 265F59091E8F492300B88CA6;
					};
					265F592D1E8F492400B88CA6 = {
						CreatedOnToolsVersion = 8.2.1;
						ProvisioningStyle = Automatic;
						TestTargetID = 265F59091E8F492300B88CA6;
					};
				};
			};
			buildConfigurationList = 265F59051E8F492300B88CA6 /* Build configuration list for PBXProject "WZZDeveloperCalculator" */;
			compatibilityVersion = "Xcode 3.2";
			developmentRegion = English;
			hasScannedForEncodings = 0;
			knownRegions = (
				en,
				Base,
			);
			mainGroup = 265F59011E8F492300B88CA6;
			productRefGroup = 265F590B1E8F492300B88CA6 /* Products */;
			projectDirPath = "";
			projectRoot = "";
			targets = (
				265F59091E8F492300B88CA6 /* WZZDeveloperCalculator */,
				265F59221E8F492400B88CA6 /* WZZDeveloperCalculatorTests */,
				265F592D1E8F492400B88CA6 /* WZZDeveloperCalculatorUITests */,
			);
		};
/* End PBXProject section */

/* Begin PBXResourcesBuildPhase section */
		265F59081E8F492300B88CA6 /* Resources */ = {
			isa = PBXResourcesBuildPhase;
			buildActionMask = 2147483647;
			files = (
				71B651161FBB5B1E002B9582 /* SVProgressHUD.bundle in Resources */,
				265F59441E8F4B2C00B88CA6 /* WZZLiveCollectionCell.xib in Resources */,
				C5A97C9B1FA3077E003DE86B /* WZZTimeVC.xib in Resources */,
				265F591A1E8F492300B88CA6 /* Assets.xcassets in Resources */,
				71CE78231F7E9556004DA8D0 /* WZZOtherVC.xib in Resources */,
				26875FE61EA62F6D00D3A85B /* WZZLoadJSVC.xib in Resources */,
				716F26E71EF6A5FA0085C839 /* WZZWebVC.xib in Resources */,
				265F59181E8F492300B88CA6 /* Main.storyboard in Resources */,
				26875FCC1EA5F17E00D3A85B /* JSViewController.xib in Resources */,
			);
			runOnlyForDeploymentPostprocessing = 0;
		};
		265F59211E8F492400B88CA6 /* Resources */ = {
			isa = PBXResourcesBuildPhase;
			buildActionMask = 2147483647;
			files = (
			);
			runOnlyForDeploymentPostprocessing = 0;
		};
		265F592C1E8F492400B88CA6 /* Resources */ = {
			isa = PBXResourcesBuildPhase;
			buildActionMask = 2147483647;
			files = (
			);
			runOnlyForDeploymentPostprocessing = 0;
		};
/* End PBXResourcesBuildPhase section */

/* Begin PBXSourcesBuildPhase section */
		265F59061E8F492300B88CA6 /* Sources */ = {
			isa = PBXSourcesBuildPhase;
			buildActionMask = 2147483647;
			files = (
				71B651171FBB5C4D002B9582 /* crypt.c in Sources */,
				71B651181FBB5C4D002B9582 /* unzip.c in Sources */,
				71B651191FBB5C4D002B9582 /* zip.c in Sources */,
				71B6511A1FBB5C4D002B9582 /* ioapi.c in Sources */,
				71B6511B1FBB5C4D002B9582 /* ioapi_buf.c in Sources */,
				71B6511C1FBB5C4D002B9582 /* ioapi_mem.c in Sources */,
				71B6511D1FBB5C4D002B9582 /* minishared.c in Sources */,
				71B6511E1FBB5C4D002B9582 /* aeskey.c in Sources */,
				71B6511F1FBB5C4D002B9582 /* hmac.c in Sources */,
				71B651201FBB5C4D002B9582 /* aescrypt.c in Sources */,
				71B651211FBB5C4D002B9582 /* fileenc.c in Sources */,
				71B651221FBB5C4D002B9582 /* sha1.c in Sources */,
				71B651231FBB5C4D002B9582 /* aes_ni.c in Sources */,
				71B651241FBB5C4D002B9582 /* prng.c in Sources */,
				71B651251FBB5C4D002B9582 /* pwd2key.c in Sources */,
				71B651261FBB5C4D002B9582 /* aestab.c in Sources */,
				71B651051FBB58AB002B9582 /* SVRadialGradientLayer.m in Sources */,
				71B651061FBB58AB002B9582 /* SVProgressAnimatedView.m in Sources */,
				71B651071FBB58AB002B9582 /* SVProgressHUD.m in Sources */,
				71B651081FBB58AB002B9582 /* SVIndefiniteAnimatedView.m in Sources */,
				71B651091FBB58AB002B9582 /* WZZHttpTool.m in Sources */,
				71B6510A1FBB58AB002B9582 /* WZZOCH5Manager.m in Sources */,
				71B6510B1FBB58AB002B9582 /* WZZOCH5VC.m in Sources */,
				71B6510C1FBB58AB002B9582 /* SSZipArchive.m in Sources */,
				C5A068391FAC557000C0136A /* WZZTimeHandler.m in Sources */,
				71B650F91FBB5239002B9582 /* WZZHttpHandler.m in Sources */,
				2647A4C11E9B9349000482F4 /* WZZSelectView.m in Sources */,
				265F59151E8F492300B88CA6 /* ViewController.m in Sources */,
				265F59431E8F4B2C00B88CA6 /* WZZLiveCollectionCell.m in Sources */,
				26875FE51EA62F6D00D3A85B /* WZZLoadJSVC.m in Sources */,
				26875FCB1EA5F17E00D3A85B /* JSViewController.m in Sources */,
				C5A97C9A1FA3077E003DE86B /* WZZTimeVC.m in Sources */,
				265F59471E8F4C6000B88CA6 /* WZZCalModel.m in Sources */,
				26875FD31EA6186F00D3A85B /* WZZSingleManager.m in Sources */,
				716F26E61EF6A5FA0085C839 /* WZZWebVC.m in Sources */,
				716F26EB1EF6ACBF0085C839 /* NSString+WZZURLText.m in Sources */,
				71CE78221F7E9556004DA8D0 /* WZZOtherVC.m in Sources */,
				265F59121E8F492300B88CA6 /* AppDelegate.m in Sources */,
				265F590F1E8F492300B88CA6 /* main.m in Sources */,
			);
			runOnlyForDeploymentPostprocessing = 0;
		};
		265F591F1E8F492400B88CA6 /* Sources */ = {
			isa = PBXSourcesBuildPhase;
			buildActionMask = 2147483647;
			files = (
				265F59281E8F492400B88CA6 /* WZZDeveloperCalculatorTests.m in Sources */,
			);
			runOnlyForDeploymentPostprocessing = 0;
		};
		265F592A1E8F492400B88CA6 /* Sources */ = {
			isa = PBXSourcesBuildPhase;
			buildActionMask = 2147483647;
			files = (
				265F59331E8F492400B88CA6 /* WZZDeveloperCalculatorUITests.m in Sources */,
			);
			runOnlyForDeploymentPostprocessing = 0;
		};
/* End PBXSourcesBuildPhase section */

/* Begin PBXTargetDependency section */
		265F59251E8F492400B88CA6 /* PBXTargetDependency */ = {
			isa = PBXTargetDependency;
			target = 265F59091E8F492300B88CA6 /* WZZDeveloperCalculator */;
			targetProxy = 265F59241E8F492400B88CA6 /* PBXContainerItemProxy */;
		};
		265F59301E8F492400B88CA6 /* PBXTargetDependency */ = {
			isa = PBXTargetDependency;
			target = 265F59091E8F492300B88CA6 /* WZZDeveloperCalculator */;
			targetProxy = 265F592F1E8F492400B88CA6 /* PBXContainerItemProxy */;
		};
/* End PBXTargetDependency section */

/* Begin PBXVariantGroup section */
		265F59161E8F492300B88CA6 /* Main.storyboard */ = {
			isa = PBXVariantGroup;
			children = (
				265F59171E8F492300B88CA6 /* Base */,
			);
			name = Main.storyboard;
			sourceTree = "<group>";
		};
/* End PBXVariantGroup section */

/* Begin XCBuildConfiguration section */
		265F59351E8F492400B88CA6 /* Debug */ = {
			isa = XCBuildConfiguration;
			buildSettings = {
				ALWAYS_SEARCH_USER_PATHS = NO;
				CLANG_ANALYZER_NONNULL = YES;
				CLANG_CXX_LANGUAGE_STANDARD = "gnu++0x";
				CLANG_CXX_LIBRARY = "libc++";
				CLANG_ENABLE_MODULES = YES;
				CLANG_ENABLE_OBJC_ARC = YES;
				CLANG_WARN_BOOL_CONVERSION = YES;
				CLANG_WARN_CONSTANT_CONVERSION = YES;
				CLANG_WARN_DIRECT_OBJC_ISA_USAGE = YES_ERROR;
				CLANG_WARN_DOCUMENTATION_COMMENTS = YES;
				CLANG_WARN_EMPTY_BODY = YES;
				CLANG_WARN_ENUM_CONVERSION = YES;
				CLANG_WARN_INFINITE_RECURSION = YES;
				CLANG_WARN_INT_CONVERSION = YES;
				CLANG_WARN_OBJC_ROOT_CLASS = YES_ERROR;
				CLANG_WARN_SUSPICIOUS_MOVE = YES;
				CLANG_WARN_UNREACHABLE_CODE = YES;
				CLANG_WARN__DUPLICATE_METHOD_MATCH = YES;
				"CODE_SIGN_IDENTITY[sdk=iphoneos*]" = "iPhone Developer";
				COPY_PHASE_STRIP = NO;
				DEBUG_INFORMATION_FORMAT = dwarf;
				ENABLE_STRICT_OBJC_MSGSEND = YES;
				ENABLE_TESTABILITY = YES;
				GCC_C_LANGUAGE_STANDARD = gnu99;
				GCC_DYNAMIC_NO_PIC = NO;
				GCC_NO_COMMON_BLOCKS = YES;
				GCC_OPTIMIZATION_LEVEL = 0;
				GCC_PREPROCESSOR_DEFINITIONS = (
					"DEBUG=1",
					"$(inherited)",
				);
				GCC_WARN_64_TO_32_BIT_CONVERSION = YES;
				GCC_WARN_ABOUT_RETURN_TYPE = YES_ERROR;
				GCC_WARN_UNDECLARED_SELECTOR = YES;
				GCC_WARN_UNINITIALIZED_AUTOS = YES_AGGRESSIVE;
				GCC_WARN_UNUSED_FUNCTION = YES;
				GCC_WARN_UNUSED_VARIABLE = YES;
				IPHONEOS_DEPLOYMENT_TARGET = 10.2;
				MTL_ENABLE_DEBUG_INFO = YES;
				ONLY_ACTIVE_ARCH = YES;
				SDKROOT = iphoneos;
				TARGETED_DEVICE_FAMILY = "1,2";
			};
			name = Debug;
		};
		265F59361E8F492400B88CA6 /* Release */ = {
			isa = XCBuildConfiguration;
			buildSettings = {
				ALWAYS_SEARCH_USER_PATHS = NO;
				CLANG_ANALYZER_NONNULL = YES;
				CLANG_CXX_LANGUAGE_STANDARD = "gnu++0x";
				CLANG_CXX_LIBRARY = "libc++";
				CLANG_ENABLE_MODULES = YES;
				CLANG_ENABLE_OBJC_ARC = YES;
				CLANG_WARN_BOOL_CONVERSION = YES;
				CLANG_WARN_CONSTANT_CONVERSION = YES;
				CLANG_WARN_DIRECT_OBJC_ISA_USAGE = YES_ERROR;
				CLANG_WARN_DOCUMENTATION_COMMENTS = YES;
				CLANG_WARN_EMPTY_BODY = YES;
				CLANG_WARN_ENUM_CONVERSION = YES;
				CLANG_WARN_INFINITE_RECURSION = YES;
				CLANG_WARN_INT_CONVERSION = YES;
				CLANG_WARN_OBJC_ROOT_CLASS = YES_ERROR;
				CLANG_WARN_SUSPICIOUS_MOVE = YES;
				CLANG_WARN_UNREACHABLE_CODE = YES;
				CLANG_WARN__DUPLICATE_METHOD_MATCH = YES;
				"CODE_SIGN_IDENTITY[sdk=iphoneos*]" = "iPhone Developer";
				COPY_PHASE_STRIP = NO;
				DEBUG_INFORMATION_FORMAT = "dwarf-with-dsym";
				ENABLE_NS_ASSERTIONS = NO;
				ENABLE_STRICT_OBJC_MSGSEND = YES;
				GCC_C_LANGUAGE_STANDARD = gnu99;
				GCC_NO_COMMON_BLOCKS = YES;
				GCC_WARN_64_TO_32_BIT_CONVERSION = YES;
				GCC_WARN_ABOUT_RETURN_TYPE = YES_ERROR;
				GCC_WARN_UNDECLARED_SELECTOR = YES;
				GCC_WARN_UNINITIALIZED_AUTOS = YES_AGGRESSIVE;
				GCC_WARN_UNUSED_FUNCTION = YES;
				GCC_WARN_UNUSED_VARIABLE = YES;
				IPHONEOS_DEPLOYMENT_TARGET = 10.2;
				MTL_ENABLE_DEBUG_INFO = NO;
				SDKROOT = iphoneos;
				TARGETED_DEVICE_FAMILY = "1,2";
				VALIDATE_PRODUCT = YES;
			};
			name = Release;
		};
		265F59381E8F492400B88CA6 /* Debug */ = {
			isa = XCBuildConfiguration;
			buildSettings = {
				ASSETCATALOG_COMPILER_APPICON_NAME = AppIcon;
				ASSETCATALOG_COMPILER_LAUNCHIMAGE_NAME = LaunchImage;
				"CODE_SIGN_IDENTITY[sdk=iphoneos*]" = "iPhone Developer";
				CODE_SIGN_STYLE = Automatic;
				DEVELOPMENT_TEAM = L3EKEXQ8PC;
				ENABLE_BITCODE = YES;
				FRAMEWORK_SEARCH_PATHS = "$(PROJECT_DIR)/WZZDeveloperCalculator/Tool/WZZOCH5";
				GCC_PREFIX_HEADER = "$(SRCROOT)/WZZDeveloperCalculator/PrefixHeader.pch";
				HEADER_SEARCH_PATHS = "";
				INFOPLIST_FILE = WZZDeveloperCalculator/Info.plist;
				IPHONEOS_DEPLOYMENT_TARGET = 8.0;
				LD_RUNPATH_SEARCH_PATHS = "$(inherited) @executable_path/Frameworks";
				PRODUCT_BUNDLE_IDENTIFIER = com.www.fff;
				PRODUCT_NAME = "$(TARGET_NAME)";
				PROVISIONING_PROFILE = "";
				PROVISIONING_PROFILE_SPECIFIER = "";
				TARGETED_DEVICE_FAMILY = 1;
			};
			name = Debug;
		};
		265F59391E8F492400B88CA6 /* Release */ = {
			isa = XCBuildConfiguration;
			buildSettings = {
				ASSETCATALOG_COMPILER_APPICON_NAME = AppIcon;
				ASSETCATALOG_COMPILER_LAUNCHIMAGE_NAME = LaunchImage;
				"CODE_SIGN_IDENTITY[sdk=iphoneos*]" = "iPhone Developer";
				CODE_SIGN_STYLE = Automatic;
				DEVELOPMENT_TEAM = L3EKEXQ8PC;
				ENABLE_BITCODE = YES;
				FRAMEWORK_SEARCH_PATHS = "$(PROJECT_DIR)/WZZDeveloperCalculator/Tool/WZZOCH5";
				GCC_PREFIX_HEADER = "$(SRCROOT)/WZZDeveloperCalculator/PrefixHeader.pch";
				HEADER_SEARCH_PATHS = "";
				INFOPLIST_FILE = WZZDeveloperCalculator/Info.plist;
				IPHONEOS_DEPLOYMENT_TARGET = 8.0;
				LD_RUNPATH_SEARCH_PATHS = "$(inherited) @executable_path/Frameworks";
				PRODUCT_BUNDLE_IDENTIFIER = com.www.fff;
				PRODUCT_NAME = "$(TARGET_NAME)";
				PROVISIONING_PROFILE = "";
				PROVISIONING_PROFILE_SPECIFIER = "";
				TARGETED_DEVICE_FAMILY = 1;
			};
			name = Release;
		};
		265F593B1E8F492400B88CA6 /* Debug */ = {
			isa = XCBuildConfiguration;
			buildSettings = {
				BUNDLE_LOADER = "$(TEST_HOST)";
				INFOPLIST_FILE = WZZDeveloperCalculatorTests/Info.plist;
				LD_RUNPATH_SEARCH_PATHS = "$(inherited) @executable_path/Frameworks @loader_path/Frameworks";
				PRODUCT_BUNDLE_IDENTIFIER = com.wzz.WZZDeveloperCalculatorTests;
				PRODUCT_NAME = "$(TARGET_NAME)";
				TEST_HOST = "$(BUILT_PRODUCTS_DIR)/WZZDeveloperCalculator.app/WZZDeveloperCalculator";
			};
			name = Debug;
		};
		265F593C1E8F492400B88CA6 /* Release */ = {
			isa = XCBuildConfiguration;
			buildSettings = {
				BUNDLE_LOADER = "$(TEST_HOST)";
				INFOPLIST_FILE = WZZDeveloperCalculatorTests/Info.plist;
				LD_RUNPATH_SEARCH_PATHS = "$(inherited) @executable_path/Frameworks @loader_path/Frameworks";
				PRODUCT_BUNDLE_IDENTIFIER = com.wzz.WZZDeveloperCalculatorTests;
				PRODUCT_NAME = "$(TARGET_NAME)";
				TEST_HOST = "$(BUILT_PRODUCTS_DIR)/WZZDeveloperCalculator.app/WZZDeveloperCalculator";
			};
			name = Release;
		};
		265F593E1E8F492400B88CA6 /* Debug */ = {
			isa = XCBuildConfiguration;
			buildSettings = {
				INFOPLIST_FILE = WZZDeveloperCalculatorUITests/Info.plist;
				LD_RUNPATH_SEARCH_PATHS = "$(inherited) @executable_path/Frameworks @loader_path/Frameworks";
				PRODUCT_BUNDLE_IDENTIFIER = com.wzz.WZZDeveloperCalculatorUITests;
				PRODUCT_NAME = "$(TARGET_NAME)";
				TEST_TARGET_NAME = WZZDeveloperCalculator;
			};
			name = Debug;
		};
		265F593F1E8F492400B88CA6 /* Release */ = {
			isa = XCBuildConfiguration;
			buildSettings = {
				INFOPLIST_FILE = WZZDeveloperCalculatorUITests/Info.plist;
				LD_RUNPATH_SEARCH_PATHS = "$(inherited) @executable_path/Frameworks @loader_path/Frameworks";
				PRODUCT_BUNDLE_IDENTIFIER = com.wzz.WZZDeveloperCalculatorUITests;
				PRODUCT_NAME = "$(TARGET_NAME)";
				TEST_TARGET_NAME = WZZDeveloperCalculator;
			};
			name = Release;
		};
/* End XCBuildConfiguration section */

/* Begin XCConfigurationList section */
		265F59051E8F492300B88CA6 /* Build configuration list for PBXProject "WZZDeveloperCalculator" */ = {
			isa = XCConfigurationList;
			buildConfigurations = (
				265F59351E8F492400B88CA6 /* Debug */,
				265F59361E8F492400B88CA6 /* Release */,
			);
			defaultConfigurationIsVisible = 0;
			defaultConfigurationName = Release;
		};
		265F59371E8F492400B88CA6 /* Build configuration list for PBXNativeTarget "WZZDeveloperCalculator" */ = {
			isa = XCConfigurationList;
			buildConfigurations = (
				265F59381E8F492400B88CA6 /* Debug */,
				265F59391E8F492400B88CA6 /* Release */,
			);
			defaultConfigurationIsVisible = 0;
			defaultConfigurationName = Release;
		};
		265F593A1E8F492400B88CA6 /* Build configuration list for PBXNativeTarget "WZZDeveloperCalculatorTests" */ = {
			isa = XCConfigurationList;
			buildConfigurations = (
				265F593B1E8F492400B88CA6 /* Debug */,
				265F593C1E8F492400B88CA6 /* Release */,
			);
			defaultConfigurationIsVisible = 0;
			defaultConfigurationName = Release;
		};
		265F593D1E8F492400B88CA6 /* Build configuration list for PBXNativeTarget "WZZDeveloperCalculatorUITests" */ = {
			isa = XCConfigurationList;
			buildConfigurations = (
				265F593E1E8F492400B88CA6 /* Debug */,
				265F593F1E8F492400B88CA6 /* Release */,
			);
			defaultConfigurationIsVisible = 0;
			defaultConfigurationName = Release;
		};
/* End XCConfigurationList section */
	};
	rootObject = 265F59021E8F492300B88CA6 /* Project object */;
}
